
Microsoft Visual Studio Solution File, Format Version 12.00
# Visual Studio Version 17
VisualStudioVersion = 17.6.33829.357
MinimumVisualStudioVersion = 10.0.40219.1
Project("{FAE04EC0-301F-11D3-BF4B-00C04F79EFBC}") = "WebShopApp", "WebShopApp\WebShopApp.csproj", "{EEB7BEC0-EA81-48BC-A5E0-48B392B262B5}"
EndProject
Global
	GlobalSection(SolutionConfigurationPlatforms) = preSolution
		Debug|Any CPU = Debug|Any CPU
		Release|Any CPU = Release|Any CPU
	EndGlobalSection
	GlobalSection(ProjectConfigurationPlatforms) = postSolution
		{EEB7BEC0-EA81-48BC-A5E0-48B392B262B5}.Debug|Any CPU.ActiveCfg = Debug|Any CPU
		{EEB7BEC0-EA81-48BC-A5E0-48B392B262B5}.Debug|Any CPU.Build.0 = Debug|Any CPU
		{EEB7BEC0-EA81-48BC-A5E0-48B392B262B5}.Release|Any CPU.ActiveCfg = Release|Any CPU
		{EEB7BEC0-EA81-48BC-A5E0-48B392B262B5}.Release|Any CPU.Build.0 = Release|Any CPU
	EndGlobalSection
	GlobalSection(SolutionProperties) = preSolution
		HideSolutionNode = FALSE
	EndGlobalSection
	GlobalSection(ExtensibilityGlobals) = postSolution
		SolutionGuid = {34E93827-AA20-4F60-9022-D1C3C016C429}
	EndGlobalSection
EndGlobal
